// !$*UTF8*$!
{
	archiveVersion = 1;
	classes = {
	};
	objectVersion = 46;
	objects = {

/* Begin PBXBuildFile section */
		25CA290A1DEC4B5800313F42 /* SCCameraController.m in Sources */ = {isa = PBXBuildFile; fileRef = 25CA28F11DEC4B5800313F42 /* SCCameraController.m */; };
		25CA290C1DEC4B5800313F42 /* SCCameraViewCell.m in Sources */ = {isa = PBXBuildFile; fileRef = 25CA28F51DEC4B5800313F42 /* SCCameraViewCell.m */; };
		25CA290E1DEC4B5800313F42 /* SCGridViewController.m in Sources */ = {isa = PBXBuildFile; fileRef = 25CA28F81DEC4B5800313F42 /* SCGridViewController.m */; };
		25CA290F1DEC4B5800313F42 /* SCImageClipViewController.m in Sources */ = {isa = PBXBuildFile; fileRef = 25CA28F91DEC4B5800313F42 /* SCImageClipViewController.m */; };
		25CA29101DEC4B5800313F42 /* SCAlbumsViewCell.m in Sources */ = {isa = PBXBuildFile; fileRef = 25CA28FB1DEC4B5800313F42 /* SCAlbumsViewCell.m */; };
		25CA29111DEC4B5800313F42 /* SCAlbumsViewController.m in Sources */ = {isa = PBXBuildFile; fileRef = 25CA28FD1DEC4B5800313F42 /* SCAlbumsViewController.m */; };
		25CA29121DEC4B5800313F42 /* SCBadgeView.m in Sources */ = {isa = PBXBuildFile; fileRef = 25CA28FF1DEC4B5800313F42 /* SCBadgeView.m */; };
		25CA29131DEC4B5800313F42 /* SCGridViewCell.m in Sources */ = {isa = PBXBuildFile; fileRef = 25CA29011DEC4B5800313F42 /* SCGridViewCell.m */; };
		25CA29141DEC4B5800313F42 /* SCImagePickerController.m in Sources */ = {isa = PBXBuildFile; fileRef = 25CA29051DEC4B5800313F42 /* SCImagePickerController.m */; };
		25CA29151DEC4B5800313F42 /* UIImage+SCHelper.m in Sources */ = {isa = PBXBuildFile; fileRef = 25CA29071DEC4B5800313F42 /* UIImage+SCHelper.m */; };
		25FE673A1CEEB5FC0033483B /* main.m in Sources */ = {isa = PBXBuildFile; fileRef = 25FE67391CEEB5FC0033483B /* main.m */; };
		25FE673D1CEEB5FC0033483B /* AppDelegate.m in Sources */ = {isa = PBXBuildFile; fileRef = 25FE673C1CEEB5FC0033483B /* AppDelegate.m */; };
		25FE67401CEEB5FC0033483B /* ViewController.m in Sources */ = {isa = PBXBuildFile; fileRef = 25FE673F1CEEB5FC0033483B /* ViewController.m */; };
		25FE67431CEEB5FC0033483B /* Main.storyboard in Resources */ = {isa = PBXBuildFile; fileRef = 25FE67411CEEB5FC0033483B /* Main.storyboard */; };
		25FE67451CEEB5FC0033483B /* Assets.xcassets in Resources */ = {isa = PBXBuildFile; fileRef = 25FE67441CEEB5FC0033483B /* Assets.xcassets */; };
		25FE67481CEEB5FC0033483B /* LaunchScreen.storyboard in Resources */ = {isa = PBXBuildFile; fileRef = 25FE67461CEEB5FC0033483B /* LaunchScreen.storyboard */; };
		25FE67601CEEBAA20033483B /* SCImagePickerController.bundle in Resources */ = {isa = PBXBuildFile; fileRef = 25FE675F1CEEBAA20033483B /* SCImagePickerController.bundle */; };
		C21D7373253D6AE30097E224 /* SCAlertView.m in Sources */ = {isa = PBXBuildFile; fileRef = C21D7372253D6AE30097E224 /* SCAlertView.m */; };
		C21D737F253D737A0097E224 /* SCCameraViewController.m in Sources */ = {isa = PBXBuildFile; fileRef = C21D737E253D737A0097E224 /* SCCameraViewController.m */; };
		C21D7396253D767A0097E224 /* SCTimeFormat.m in Sources */ = {isa = PBXBuildFile; fileRef = C21D7388253D767A0097E224 /* SCTimeFormat.m */; };
		C21D7397253D767A0097E224 /* SCSnapButton.m in Sources */ = {isa = PBXBuildFile; fileRef = C21D7389253D767A0097E224 /* SCSnapButton.m */; };
		C21D7398253D767A0097E224 /* SCRecordingViewController.m in Sources */ = {isa = PBXBuildFile; fileRef = C21D738A253D767A0097E224 /* SCRecordingViewController.m */; };
		C21D7399253D767A0097E224 /* SCCameraEngine.m in Sources */ = {isa = PBXBuildFile; fileRef = C21D738D253D767A0097E224 /* SCCameraEngine.m */; };
		C21D739A253D767A0097E224 /* SCProgressTagView.m in Sources */ = {isa = PBXBuildFile; fileRef = C21D738E253D767A0097E224 /* SCProgressTagView.m */; };
		C21D739B253D767A0097E224 /* SCProgressView.m in Sources */ = {isa = PBXBuildFile; fileRef = C21D7392253D767A0097E224 /* SCProgressView.m */; };
		C21D739C253D767A0097E224 /* WCLRecordEncoder.m in Sources */ = {isa = PBXBuildFile; fileRef = C21D7393253D767A0097E224 /* WCLRecordEncoder.m */; };
/* End PBXBuildFile section */

/* Begin PBXFileReference section */
		25CA28F01DEC4B5800313F42 /* SCCameraController.h */ = {isa = PBXFileReference; fileEncoding = 4; lastKnownFileType = sourcecode.c.h; path = SCCameraController.h; sourceTree = "<group>"; };
		25CA28F11DEC4B5800313F42 /* SCCameraController.m */ = {isa = PBXFileReference; fileEncoding = 4; lastKnownFileType = sourcecode.c.objc; path = SCCameraController.m; sourceTree = "<group>"; };
		25CA28F41DEC4B5800313F42 /* SCCameraViewCell.h */ = {isa = PBXFileReference; fileEncoding = 4; lastKnownFileType = sourcecode.c.h; path = SCCameraViewCell.h; sourceTree = "<group>"; };
		25CA28F51DEC4B5800313F42 /* SCCameraViewCell.m */ = {isa = PBXFileReference; fileEncoding = 4; lastKnownFileType = sourcecode.c.objc; path = SCCameraViewCell.m; sourceTree = "<group>"; };
		25CA28F81DEC4B5800313F42 /* SCGridViewController.m */ = {isa = PBXFileReference; fileEncoding = 4; lastKnownFileType = sourcecode.c.objc; path = SCGridViewController.m; sourceTree = "<group>"; };
		25CA28F91DEC4B5800313F42 /* SCImageClipViewController.m */ = {isa = PBXFileReference; fileEncoding = 4; lastKnownFileType = sourcecode.c.objc; path = SCImageClipViewController.m; sourceTree = "<group>"; };
		25CA28FA1DEC4B5800313F42 /* SCAlbumsViewCell.h */ = {isa = PBXFileReference; fileEncoding = 4; lastKnownFileType = sourcecode.c.h; path = SCAlbumsViewCell.h; sourceTree = "<group>"; };
		25CA28FB1DEC4B5800313F42 /* SCAlbumsViewCell.m */ = {isa = PBXFileReference; fileEncoding = 4; lastKnownFileType = sourcecode.c.objc; path = SCAlbumsViewCell.m; sourceTree = "<group>"; };
		25CA28FC1DEC4B5800313F42 /* SCAlbumsViewController.h */ = {isa = PBXFileReference; fileEncoding = 4; lastKnownFileType = sourcecode.c.h; path = SCAlbumsViewController.h; sourceTree = "<group>"; };
		25CA28FD1DEC4B5800313F42 /* SCAlbumsViewController.m */ = {isa = PBXFileReference; fileEncoding = 4; lastKnownFileType = sourcecode.c.objc; path = SCAlbumsViewController.m; sourceTree = "<group>"; };
		25CA28FE1DEC4B5800313F42 /* SCBadgeView.h */ = {isa = PBXFileReference; fileEncoding = 4; lastKnownFileType = sourcecode.c.h; path = SCBadgeView.h; sourceTree = "<group>"; };
		25CA28FF1DEC4B5800313F42 /* SCBadgeView.m */ = {isa = PBXFileReference; fileEncoding = 4; lastKnownFileType = sourcecode.c.objc; path = SCBadgeView.m; sourceTree = "<group>"; };
		25CA29001DEC4B5800313F42 /* SCGridViewCell.h */ = {isa = PBXFileReference; fileEncoding = 4; lastKnownFileType = sourcecode.c.h; path = SCGridViewCell.h; sourceTree = "<group>"; };
		25CA29011DEC4B5800313F42 /* SCGridViewCell.m */ = {isa = PBXFileReference; fileEncoding = 4; lastKnownFileType = sourcecode.c.objc; path = SCGridViewCell.m; sourceTree = "<group>"; };
		25CA29021DEC4B5800313F42 /* SCGridViewController.h */ = {isa = PBXFileReference; fileEncoding = 4; lastKnownFileType = sourcecode.c.h; path = SCGridViewController.h; sourceTree = "<group>"; };
		25CA29031DEC4B5800313F42 /* SCImageClipViewController.h */ = {isa = PBXFileReference; fileEncoding = 4; lastKnownFileType = sourcecode.c.h; path = SCImageClipViewController.h; sourceTree = "<group>"; };
		25CA29041DEC4B5800313F42 /* SCImagePickerController.h */ = {isa = PBXFileReference; fileEncoding = 4; lastKnownFileType = sourcecode.c.h; path = SCImagePickerController.h; sourceTree = "<group>"; };
		25CA29051DEC4B5800313F42 /* SCImagePickerController.m */ = {isa = PBXFileReference; fileEncoding = 4; lastKnownFileType = sourcecode.c.objc; path = SCImagePickerController.m; sourceTree = "<group>"; };
		25CA29061DEC4B5800313F42 /* UIImage+SCHelper.h */ = {isa = PBXFileReference; fileEncoding = 4; lastKnownFileType = sourcecode.c.h; path = "UIImage+SCHelper.h"; sourceTree = "<group>"; };
		25CA29071DEC4B5800313F42 /* UIImage+SCHelper.m */ = {isa = PBXFileReference; fileEncoding = 4; lastKnownFileType = sourcecode.c.objc; path = "UIImage+SCHelper.m"; sourceTree = "<group>"; };
		25FE67351CEEB5FC0033483B /* SCImagePickerController.app */ = {isa = PBXFileReference; explicitFileType = wrapper.application; includeInIndex = 0; path = SCImagePickerController.app; sourceTree = BUILT_PRODUCTS_DIR; };
		25FE67391CEEB5FC0033483B /* main.m */ = {isa = PBXFileReference; lastKnownFileType = sourcecode.c.objc; path = main.m; sourceTree = "<group>"; };
		25FE673B1CEEB5FC0033483B /* AppDelegate.h */ = {isa = PBXFileReference; lastKnownFileType = sourcecode.c.h; path = AppDelegate.h; sourceTree = "<group>"; };
		25FE673C1CEEB5FC0033483B /* AppDelegate.m */ = {isa = PBXFileReference; lastKnownFileType = sourcecode.c.objc; path = AppDelegate.m; sourceTree = "<group>"; };
		25FE673E1CEEB5FC0033483B /* ViewController.h */ = {isa = PBXFileReference; lastKnownFileType = sourcecode.c.h; path = ViewController.h; sourceTree = "<group>"; };
		25FE673F1CEEB5FC0033483B /* ViewController.m */ = {isa = PBXFileReference; lastKnownFileType = sourcecode.c.objc; path = ViewController.m; sourceTree = "<group>"; };
		25FE67421CEEB5FC0033483B /* Base */ = {isa = PBXFileReference; lastKnownFileType = file.storyboard; name = Base; path = Base.lproj/Main.storyboard; sourceTree = "<group>"; };
		25FE67441CEEB5FC0033483B /* Assets.xcassets */ = {isa = PBXFileReference; lastKnownFileType = folder.assetcatalog; path = Assets.xcassets; sourceTree = "<group>"; };
		25FE67471CEEB5FC0033483B /* Base */ = {isa = PBXFileReference; lastKnownFileType = file.storyboard; name = Base; path = Base.lproj/LaunchScreen.storyboard; sourceTree = "<group>"; };
		25FE67491CEEB5FC0033483B /* Info.plist */ = {isa = PBXFileReference; lastKnownFileType = text.plist.xml; path = Info.plist; sourceTree = "<group>"; };
		25FE675F1CEEBAA20033483B /* SCImagePickerController.bundle */ = {isa = PBXFileReference; lastKnownFileType = "wrapper.plug-in"; path = SCImagePickerController.bundle; sourceTree = "<group>"; };
		C21D7371253D6AE20097E224 /* SCAlertView.h */ = {isa = PBXFileReference; fileEncoding = 4; lastKnownFileType = sourcecode.c.h; path = SCAlertView.h; sourceTree = "<group>"; };
		C21D7372253D6AE30097E224 /* SCAlertView.m */ = {isa = PBXFileReference; fileEncoding = 4; lastKnownFileType = sourcecode.c.objc; path = SCAlertView.m; sourceTree = "<group>"; };
		C21D737D253D737A0097E224 /* SCCameraViewController.h */ = {isa = PBXFileReference; lastKnownFileType = sourcecode.c.h; path = SCCameraViewController.h; sourceTree = "<group>"; };
		C21D737E253D737A0097E224 /* SCCameraViewController.m */ = {isa = PBXFileReference; lastKnownFileType = sourcecode.c.objc; path = SCCameraViewController.m; sourceTree = "<group>"; };
		C21D7388253D767A0097E224 /* SCTimeFormat.m */ = {isa = PBXFileReference; fileEncoding = 4; lastKnownFileType = sourcecode.c.objc; path = SCTimeFormat.m; sourceTree = "<group>"; };
		C21D7389253D767A0097E224 /* SCSnapButton.m */ = {isa = PBXFileReference; fileEncoding = 4; lastKnownFileType = sourcecode.c.objc; path = SCSnapButton.m; sourceTree = "<group>"; };
		C21D738A253D767A0097E224 /* SCRecordingViewController.m */ = {isa = PBXFileReference; fileEncoding = 4; lastKnownFileType = sourcecode.c.objc; path = SCRecordingViewController.m; sourceTree = "<group>"; };
		C21D738B253D767A0097E224 /* WCLRecordEncoder.h */ = {isa = PBXFileReference; fileEncoding = 4; lastKnownFileType = sourcecode.c.h; path = WCLRecordEncoder.h; sourceTree = "<group>"; };
		C21D738C253D767A0097E224 /* SCProgressView.h */ = {isa = PBXFileReference; fileEncoding = 4; lastKnownFileType = sourcecode.c.h; path = SCProgressView.h; sourceTree = "<group>"; };
		C21D738D253D767A0097E224 /* SCCameraEngine.m */ = {isa = PBXFileReference; fileEncoding = 4; lastKnownFileType = sourcecode.c.objc; path = SCCameraEngine.m; sourceTree = "<group>"; };
		C21D738E253D767A0097E224 /* SCProgressTagView.m */ = {isa = PBXFileReference; fileEncoding = 4; lastKnownFileType = sourcecode.c.objc; path = SCProgressTagView.m; sourceTree = "<group>"; };
		C21D738F253D767A0097E224 /* SCRecordingViewController.h */ = {isa = PBXFileReference; fileEncoding = 4; lastKnownFileType = sourcecode.c.h; path = SCRecordingViewController.h; sourceTree = "<group>"; };
		C21D7390253D767A0097E224 /* SCSnapButton.h */ = {isa = PBXFileReference; fileEncoding = 4; lastKnownFileType = sourcecode.c.h; path = SCSnapButton.h; sourceTree = "<group>"; };
		C21D7391253D767A0097E224 /* SCTimeFormat.h */ = {isa = PBXFileReference; fileEncoding = 4; lastKnownFileType = sourcecode.c.h; path = SCTimeFormat.h; sourceTree = "<group>"; };
		C21D7392253D767A0097E224 /* SCProgressView.m */ = {isa = PBXFileReference; fileEncoding = 4; lastKnownFileType = sourcecode.c.objc; path = SCProgressView.m; sourceTree = "<group>"; };
		C21D7393253D767A0097E224 /* WCLRecordEncoder.m */ = {isa = PBXFileReference; fileEncoding = 4; lastKnownFileType = sourcecode.c.objc; path = WCLRecordEncoder.m; sourceTree = "<group>"; };
		C21D7394253D767A0097E224 /* SCProgressTagView.h */ = {isa = PBXFileReference; fileEncoding = 4; lastKnownFileType = sourcecode.c.h; path = SCProgressTagView.h; sourceTree = "<group>"; };
		C21D7395253D767A0097E224 /* SCCameraEngine.h */ = {isa = PBXFileReference; fileEncoding = 4; lastKnownFileType = sourcecode.c.h; path = SCCameraEngine.h; sourceTree = "<group>"; };
/* End PBXFileReference section */

/* Begin PBXFrameworksBuildPhase section */
		25FE67321CEEB5FC0033483B /* Frameworks */ = {
			isa = PBXFrameworksBuildPhase;
			buildActionMask = 2147483647;
			files = (
			);
			runOnlyForDeploymentPostprocessing = 0;
		};
/* End PBXFrameworksBuildPhase section */

/* Begin PBXGroup section */
		25FE672C1CEEB5FC0033483B = {
			isa = PBXGroup;
			children = (
				25FE67371CEEB5FC0033483B /* SCImagePickerController */,
				25FE67361CEEB5FC0033483B /* Products */,
			);
			sourceTree = "<group>";
		};
		25FE67361CEEB5FC0033483B /* Products */ = {
			isa = PBXGroup;
			children = (
				25FE67351CEEB5FC0033483B /* SCImagePickerController.app */,
			);
			name = Products;
			sourceTree = "<group>";
		};
		25FE67371CEEB5FC0033483B /* SCImagePickerController */ = {
			isa = PBXGroup;
			children = (
				25FE675F1CEEBAA20033483B /* SCImagePickerController.bundle */,
				25FE674F1CEEB6180033483B /* SCImagePickerController */,
				25FE673B1CEEB5FC0033483B /* AppDelegate.h */,
				25FE673C1CEEB5FC0033483B /* AppDelegate.m */,
				25FE673E1CEEB5FC0033483B /* ViewController.h */,
				25FE673F1CEEB5FC0033483B /* ViewController.m */,
				25FE67411CEEB5FC0033483B /* Main.storyboard */,
				25FE67441CEEB5FC0033483B /* Assets.xcassets */,
				25FE67461CEEB5FC0033483B /* LaunchScreen.storyboard */,
				25FE67491CEEB5FC0033483B /* Info.plist */,
				25FE67381CEEB5FC0033483B /* Supporting Files */,
			);
			path = SCImagePickerController;
			sourceTree = "<group>";
		};
		25FE67381CEEB5FC0033483B /* Supporting Files */ = {
			isa = PBXGroup;
			children = (
				25FE67391CEEB5FC0033483B /* main.m */,
			);
			name = "Supporting Files";
			sourceTree = "<group>";
		};
		25FE674F1CEEB6180033483B /* SCImagePickerController */ = {
			isa = PBXGroup;
			children = (
				C21D7387253D767A0097E224 /* Recording */,
				25CA29041DEC4B5800313F42 /* SCImagePickerController.h */,
				25CA29051DEC4B5800313F42 /* SCImagePickerController.m */,
				25CA28FC1DEC4B5800313F42 /* SCAlbumsViewController.h */,
				25CA28FD1DEC4B5800313F42 /* SCAlbumsViewController.m */,
				25CA29021DEC4B5800313F42 /* SCGridViewController.h */,
				25CA28F81DEC4B5800313F42 /* SCGridViewController.m */,
				25CA29031DEC4B5800313F42 /* SCImageClipViewController.h */,
				25CA28F91DEC4B5800313F42 /* SCImageClipViewController.m */,
				C21D737D253D737A0097E224 /* SCCameraViewController.h */,
				C21D737E253D737A0097E224 /* SCCameraViewController.m */,
				25CA28F01DEC4B5800313F42 /* SCCameraController.h */,
				25CA28F11DEC4B5800313F42 /* SCCameraController.m */,
				C21D7371253D6AE20097E224 /* SCAlertView.h */,
				C21D7372253D6AE30097E224 /* SCAlertView.m */,
				25CA28F41DEC4B5800313F42 /* SCCameraViewCell.h */,
				25CA28F51DEC4B5800313F42 /* SCCameraViewCell.m */,
				25CA28FA1DEC4B5800313F42 /* SCAlbumsViewCell.h */,
				25CA28FB1DEC4B5800313F42 /* SCAlbumsViewCell.m */,
				25CA29001DEC4B5800313F42 /* SCGridViewCell.h */,
				25CA29011DEC4B5800313F42 /* SCGridViewCell.m */,
				25CA28FE1DEC4B5800313F42 /* SCBadgeView.h */,
				25CA28FF1DEC4B5800313F42 /* SCBadgeView.m */,
				25CA29061DEC4B5800313F42 /* UIImage+SCHelper.h */,
				25CA29071DEC4B5800313F42 /* UIImage+SCHelper.m */,
			);
			path = SCImagePickerController;
			sourceTree = "<group>";
		};
		C21D7387253D767A0097E224 /* Recording */ = {
			isa = PBXGroup;
			children = (
				C21D738F253D767A0097E224 /* SCRecordingViewController.h */,
				C21D738A253D767A0097E224 /* SCRecordingViewController.m */,
				C21D7395253D767A0097E224 /* SCCameraEngine.h */,
				C21D738D253D767A0097E224 /* SCCameraEngine.m */,
				C21D738B253D767A0097E224 /* WCLRecordEncoder.h */,
				C21D7393253D767A0097E224 /* WCLRecordEncoder.m */,
				C21D7391253D767A0097E224 /* SCTimeFormat.h */,
				C21D7388253D767A0097E224 /* SCTimeFormat.m */,
				C21D7390253D767A0097E224 /* SCSnapButton.h */,
				C21D7389253D767A0097E224 /* SCSnapButton.m */,
				C21D738C253D767A0097E224 /* SCProgressView.h */,
				C21D7392253D767A0097E224 /* SCProgressView.m */,
				C21D7394253D767A0097E224 /* SCProgressTagView.h */,
				C21D738E253D767A0097E224 /* SCProgressTagView.m */,
			);
			path = Recording;
			sourceTree = "<group>";
		};
/* End PBXGroup section */

/* Begin PBXNativeTarget section */
		25FE67341CEEB5FC0033483B /* SCImagePickerController */ = {
			isa = PBXNativeTarget;
			buildConfigurationList = 25FE674C1CEEB5FC0033483B /* Build configuration list for PBXNativeTarget "SCImagePickerController" */;
			buildPhases = (
				25FE67311CEEB5FC0033483B /* Sources */,
				25FE67321CEEB5FC0033483B /* Frameworks */,
				25FE67331CEEB5FC0033483B /* Resources */,
			);
			buildRules = (
			);
			dependencies = (
			);
			name = SCImagePickerController;
			productName = SCImagePickerController;
			productReference = 25FE67351CEEB5FC0033483B /* SCImagePickerController.app */;
			productType = "com.apple.product-type.application";
		};
/* End PBXNativeTarget section */

/* Begin PBXProject section */
		25FE672D1CEEB5FC0033483B /* Project object */ = {
			isa = PBXProject;
			attributes = {
				LastUpgradeCheck = 0730;
				ORGANIZATIONNAME = sichenwang;
				TargetAttributes = {
					25FE67341CEEB5FC0033483B = {
						CreatedOnToolsVersion = 7.3.1;
						DevelopmentTeam = 6MZW7C8429;
					};
				};
			};
			buildConfigurationList = 25FE67301CEEB5FC0033483B /* Build configuration list for PBXProject "SCImagePickerController" */;
			compatibilityVersion = "Xcode 3.2";
			developmentRegion = English;
			hasScannedForEncodings = 0;
			knownRegions = (
				English,
				en,
				Base,
			);
			mainGroup = 25FE672C1CEEB5FC0033483B;
			productRefGroup = 25FE67361CEEB5FC0033483B /* Products */;
			projectDirPath = "";
			projectRoot = "";
			targets = (
				25FE67341CEEB5FC0033483B /* SCImagePickerController */,
			);
		};
/* End PBXProject section */

/* Begin PBXResourcesBuildPhase section */
		25FE67331CEEB5FC0033483B /* Resources */ = {
			isa = PBXResourcesBuildPhase;
			buildActionMask = 2147483647;
			files = (
				25FE67481CEEB5FC0033483B /* LaunchScreen.storyboard in Resources */,
				25FE67601CEEBAA20033483B /* SCImagePickerController.bundle in Resources */,
				25FE67451CEEB5FC0033483B /* Assets.xcassets in Resources */,
				25FE67431CEEB5FC0033483B /* Main.storyboard in Resources */,
			);
			runOnlyForDeploymentPostprocessing = 0;
		};
/* End PBXResourcesBuildPhase section */

/* Begin PBXSourcesBuildPhase section */
		25FE67311CEEB5FC0033483B /* Sources */ = {
			isa = PBXSourcesBuildPhase;
			buildActionMask = 2147483647;
			files = (
				C21D7398253D767A0097E224 /* SCRecordingViewController.m in Sources */,
				25CA290F1DEC4B5800313F42 /* SCImageClipViewController.m in Sources */,
				25FE67401CEEB5FC0033483B /* ViewController.m in Sources */,
				25CA29121DEC4B5800313F42 /* SCBadgeView.m in Sources */,
				C21D737F253D737A0097E224 /* SCCameraViewController.m in Sources */,
				25CA29101DEC4B5800313F42 /* SCAlbumsViewCell.m in Sources */,
				C21D7373253D6AE30097E224 /* SCAlertView.m in Sources */,
				25FE673D1CEEB5FC0033483B /* AppDelegate.m in Sources */,
				C21D739B253D767A0097E224 /* SCProgressView.m in Sources */,
				C21D739A253D767A0097E224 /* SCProgressTagView.m in Sources */,
				C21D7396253D767A0097E224 /* SCTimeFormat.m in Sources */,
				25CA290E1DEC4B5800313F42 /* SCGridViewController.m in Sources */,
				25CA29131DEC4B5800313F42 /* SCGridViewCell.m in Sources */,
				25CA290C1DEC4B5800313F42 /* SCCameraViewCell.m in Sources */,
				25CA290A1DEC4B5800313F42 /* SCCameraController.m in Sources */,
				C21D7397253D767A0097E224 /* SCSnapButton.m in Sources */,
				C21D7399253D767A0097E224 /* SCCameraEngine.m in Sources */,
				25FE673A1CEEB5FC0033483B /* main.m in Sources */,
				25CA29111DEC4B5800313F42 /* SCAlbumsViewController.m in Sources */,
				25CA29151DEC4B5800313F42 /* UIImage+SCHelper.m in Sources */,
				C21D739C253D767A0097E224 /* WCLRecordEncoder.m in Sources */,
				25CA29141DEC4B5800313F42 /* SCImagePickerController.m in Sources */,
			);
			runOnlyForDeploymentPostprocessing = 0;
		};
/* End PBXSourcesBuildPhase section */

/* Begin PBXVariantGroup section */
		25FE67411CEEB5FC0033483B /* Main.storyboard */ = {
			isa = PBXVariantGroup;
			children = (
				25FE67421CEEB5FC0033483B /* Base */,
			);
			name = Main.storyboard;
			sourceTree = "<group>";
		};
		25FE67461CEEB5FC0033483B /* LaunchScreen.storyboard */ = {
			isa = PBXVariantGroup;
			children = (
				25FE67471CEEB5FC0033483B /* Base */,
			);
			name = LaunchScreen.storyboard;
			sourceTree = "<group>";
		};
/* End PBXVariantGroup section */

/* Begin XCBuildConfiguration section */
		25FE674A1CEEB5FC0033483B /* Debug */ = {
			isa = XCBuildConfiguration;
			buildSettings = {
				ALWAYS_SEARCH_USER_PATHS = NO;
				CLANG_ANALYZER_NONNULL = YES;
				CLANG_CXX_LANGUAGE_STANDARD = "gnu++0x";
				CLANG_CXX_LIBRARY = "libc++";
				CLANG_ENABLE_MODULES = YES;
				CLANG_ENABLE_OBJC_ARC = YES;
				CLANG_WARN_BOOL_CONVERSION = YES;
				CLANG_WARN_CONSTANT_CONVERSION = YES;
				CLANG_WARN_DIRECT_OBJC_ISA_USAGE = YES_ERROR;
				CLANG_WARN_EMPTY_BODY = YES;
				CLANG_WARN_ENUM_CONVERSION = YES;
				CLANG_WARN_INT_CONVERSION = YES;
				CLANG_WARN_OBJC_ROOT_CLASS = YES_ERROR;
				CLANG_WARN_UNREACHABLE_CODE = YES;
				CLANG_WARN__DUPLICATE_METHOD_MATCH = YES;
				"CODE_SIGN_IDENTITY[sdk=iphoneos*]" = "iPhone Developer";
				COPY_PHASE_STRIP = NO;
				DEBUG_INFORMATION_FORMAT = dwarf;
				ENABLE_STRICT_OBJC_MSGSEND = YES;
				ENABLE_TESTABILITY = YES;
				GCC_C_LANGUAGE_STANDARD = gnu99;
				GCC_DYNAMIC_NO_PIC = NO;
				GCC_NO_COMMON_BLOCKS = YES;
				GCC_OPTIMIZATION_LEVEL = 0;
				GCC_PREPROCESSOR_DEFINITIONS = (
					"DEBUG=1",
					"$(inherited)",
				);
				GCC_WARN_64_TO_32_BIT_CONVERSION = YES;
				GCC_WARN_ABOUT_RETURN_TYPE = YES_ERROR;
				GCC_WARN_UNDECLARED_SELECTOR = YES;
				GCC_WARN_UNINITIALIZED_AUTOS = YES_AGGRESSIVE;
				GCC_WARN_UNUSED_FUNCTION = YES;
				GCC_WARN_UNUSED_VARIABLE = YES;
				IPHONEOS_DEPLOYMENT_TARGET = 9.3;
				MTL_ENABLE_DEBUG_INFO = YES;
				ONLY_ACTIVE_ARCH = YES;
				SDKROOT = iphoneos;
				TARGETED_DEVICE_FAMILY = "1,2";
			};
			name = Debug;
		};
		25FE674B1CEEB5FC0033483B /* Release */ = {
			isa = XCBuildConfiguration;
			buildSettings = {
				ALWAYS_SEARCH_USER_PATHS = NO;
				CLANG_ANALYZER_NONNULL = YES;
				CLANG_CXX_LANGUAGE_STANDARD = "gnu++0x";
				CLANG_CXX_LIBRARY = "libc++";
				CLANG_ENABLE_MODULES = YES;
				CLANG_ENABLE_OBJC_ARC = YES;
				CLANG_WARN_BOOL_CONVERSION = YES;
				CLANG_WARN_CONSTANT_CONVERSION = YES;
				CLANG_WARN_DIRECT_OBJC_ISA_USAGE = YES_ERROR;
				CLANG_WARN_EMPTY_BODY = YES;
				CLANG_WARN_ENUM_CONVERSION = YES;
				CLANG_WARN_INT_CONVERSION = YES;
				CLANG_WARN_OBJC_ROOT_CLASS = YES_ERROR;
				CLANG_WARN_UNREACHABLE_CODE = YES;
				CLANG_WARN__DUPLICATE_METHOD_MATCH = YES;
				"CODE_SIGN_IDENTITY[sdk=iphoneos*]" = "iPhone Developer";
				COPY_PHASE_STRIP = NO;
				DEBUG_INFORMATION_FORMAT = "dwarf-with-dsym";
				ENABLE_NS_ASSERTIONS = NO;
				ENABLE_STRICT_OBJC_MSGSEND = YES;
				GCC_C_LANGUAGE_STANDARD = gnu99;
				GCC_NO_COMMON_BLOCKS = YES;
				GCC_WARN_64_TO_32_BIT_CONVERSION = YES;
				GCC_WARN_ABOUT_RETURN_TYPE = YES_ERROR;
				GCC_WARN_UNDECLARED_SELECTOR = YES;
				GCC_WARN_UNINITIALIZED_AUTOS = YES_AGGRESSIVE;
				GCC_WARN_UNUSED_FUNCTION = YES;
				GCC_WARN_UNUSED_VARIABLE = YES;
				IPHONEOS_DEPLOYMENT_TARGET = 9.3;
				MTL_ENABLE_DEBUG_INFO = NO;
				SDKROOT = iphoneos;
				TARGETED_DEVICE_FAMILY = "1,2";
				VALIDATE_PRODUCT = YES;
			};
			name = Release;
		};
		25FE674D1CEEB5FC0033483B /* Debug */ = {
			isa = XCBuildConfiguration;
			buildSettings = {
				ASSETCATALOG_COMPILER_APPICON_NAME = AppIcon;
				DEVELOPMENT_TEAM = 6MZW7C8429;
				INFOPLIST_FILE = SCImagePickerController/Info.plist;
				IPHONEOS_DEPLOYMENT_TARGET = 9.0;
				LD_RUNPATH_SEARCH_PATHS = "$(inherited) @executable_path/Frameworks";
				PRODUCT_BUNDLE_IDENTIFIER = com.meilishuo.SCImagePickerController;
				PRODUCT_NAME = "$(TARGET_NAME)";
			};
			name = Debug;
		};
		25FE674E1CEEB5FC0033483B /* Release */ = {
			isa = XCBuildConfiguration;
			buildSettings = {
				ASSETCATALOG_COMPILER_APPICON_NAME = AppIcon;
				DEVELOPMENT_TEAM = 6MZW7C8429;
				INFOPLIST_FILE = SCImagePickerController/Info.plist;
				IPHONEOS_DEPLOYMENT_TARGET = 9.0;
				LD_RUNPATH_SEARCH_PATHS = "$(inherited) @executable_path/Frameworks";
				PRODUCT_BUNDLE_IDENTIFIER = com.meilishuo.SCImagePickerController;
				PRODUCT_NAME = "$(TARGET_NAME)";
			};
			name = Release;
		};
/* End XCBuildConfiguration section */

/* Begin XCConfigurationList section */
		25FE67301CEEB5FC0033483B /* Build configuration list for PBXProject "SCImagePickerController" */ = {
			isa = XCConfigurationList;
			buildConfigurations = (
				25FE674A1CEEB5FC0033483B /* Debug */,
				25FE674B1CEEB5FC0033483B /* Release */,
			);
			defaultConfigurationIsVisible = 0;
			defaultConfigurationName = Release;
		};
		25FE674C1CEEB5FC0033483B /* Build configuration list for PBXNativeTarget "SCImagePickerController" */ = {
			isa = XCConfigurationList;
			buildConfigurations = (
				25FE674D1CEEB5FC0033483B /* Debug */,
				25FE674E1CEEB5FC0033483B /* Release */,
			);
			defaultConfigurationIsVisible = 0;
			defaultConfigurationName = Release;
		};
/* End XCConfigurationList section */
	};
	rootObject = 25FE672D1CEEB5FC0033483B /* Project object */;
}
